
Microsoft Visual Studio Solution File, Format Version 12.00
# Visual Studio Version 17
VisualStudioVersion = 17.13.35825.156
MinimumVisualStudioVersion = 10.0.40219.1
Project("{FAE04EC0-301F-11D3-BF4B-00C04F79EFBC}") = "Lab2", "Lab2.csproj", "{023A4156-912B-4E52-B5FA-2A7A28E7F589}"
EndProject
Project("{FAE04EC0-301F-11D3-BF4B-00C04F79EFBC}") = "Lab2_UnitTests", "..\Lab2_UnitTests\Lab2_UnitTests.csproj", "{3CFF0871-D3B9-4E49-BDEA-5E0B12598461}"
EndProject
Global
	GlobalSection(SolutionConfigurationPlatforms) = preSolution
		Debug|Any CPU = Debug|Any CPU
		Release|Any CPU = Release|Any CPU
	EndGlobalSection
	GlobalSection(ProjectConfigurationPlatforms) = postSolution
		{023A4156-912B-4E52-B5FA-2A7A28E7F589}.Debug|Any CPU.ActiveCfg = Debug|Any CPU
		{023A4156-912B-4E52-B5FA-2A7A28E7F589}.Debug|Any CPU.Build.0 = Debug|Any CPU
		{023A4156-912B-4E52-B5FA-2A7A28E7F589}.Release|Any CPU.ActiveCfg = Release|Any CPU
		{023A4156-912B-4E52-B5FA-2A7A28E7F589}.Release|Any CPU.Build.0 = Release|Any CPU
		{3CFF0871-D3B9-4E49-BDEA-5E0B12598461}.Debug|Any CPU.ActiveCfg = Debug|Any CPU
		{3CFF0871-D3B9-4E49-BDEA-5E0B12598461}.Debug|Any CPU.Build.0 = Debug|Any CPU
		{3CFF0871-D3B9-4E49-BDEA-5E0B12598461}.Release|Any CPU.ActiveCfg = Release|Any CPU
		{3CFF0871-D3B9-4E49-BDEA-5E0B12598461}.Release|Any CPU.Build.0 = Release|Any CPU
	EndGlobalSection
	GlobalSection(SolutionProperties) = preSolution
		HideSolutionNode = FALSE
	EndGlobalSection
	GlobalSection(ExtensibilityGlobals) = postSolution
		SolutionGuid = {63A95ECF-CB8B-4171-85FD-75A83C7AD573}
	EndGlobalSection
EndGlobal
